
Microsoft Visual Studio Solution File, Format Version 12.00
# Visual Studio Version 17
VisualStudioVersion = 17.0.31912.275
MinimumVisualStudioVersion = 10.0.40219.1
Project("{FAE04EC0-301F-11D3-BF4B-00C04F79EFBC}") = "Attendance_Management_System", "Attendance_Management_System.csproj", "{8F806B1E-E52B-4D05-8BAF-BA356C21055A}"
EndProject
Global
	GlobalSection(SolutionConfigurationPlatforms) = preSolution
		Debug|Any CPU = Debug|Any CPU
		Release|Any CPU = Release|Any CPU
	EndGlobalSection
	GlobalSection(ProjectConfigurationPlatforms) = postSolution
		{8F806B1E-E52B-4D05-8BAF-BA356C21055A}.Debug|Any CPU.ActiveCfg = Debug|Any CPU
		{8F806B1E-E52B-4D05-8BAF-BA356C21055A}.Debug|Any CPU.Build.0 = Debug|Any CPU
		{8F806B1E-E52B-4D05-8BAF-BA356C21055A}.Release|Any CPU.ActiveCfg = Release|Any CPU
		{8F806B1E-E52B-4D05-8BAF-BA356C21055A}.Release|Any CPU.Build.0 = Release|Any CPU
	EndGlobalSection
	GlobalSection(SolutionProperties) = preSolution
		HideSolutionNode = FALSE
	EndGlobalSection
	GlobalSection(ExtensibilityGlobals) = postSolution
		SolutionGuid = {911F1009-B00A-4FDA-A620-11728B93681A}
	EndGlobalSection
EndGlobal
